
Microsoft Visual Studio Solution File, Format Version 12.00
# Visual Studio Version 17
VisualStudioVersion = 17.13.35825.156 d17.13
MinimumVisualStudioVersion = 10.0.40219.1
Project("{FAE04EC0-301F-11D3-BF4B-00C04F79EFBC}") = "PROGETOLOGIN", "PROGETOLOGIN.csproj", "{B1EB1554-80EA-44F7-A823-651B09740925}"
EndProject
Global
	GlobalSection(SolutionConfigurationPlatforms) = preSolution
		Debug|Any CPU = Debug|Any CPU
		Release|Any CPU = Release|Any CPU
	EndGlobalSection
	GlobalSection(ProjectConfigurationPlatforms) = postSolution
		{B1EB1554-80EA-44F7-A823-651B09740925}.Debug|Any CPU.ActiveCfg = Debug|Any CPU
		{B1EB1554-80EA-44F7-A823-651B09740925}.Debug|Any CPU.Build.0 = Debug|Any CPU
		{B1EB1554-80EA-44F7-A823-651B09740925}.Release|Any CPU.ActiveCfg = Release|Any CPU
		{B1EB1554-80EA-44F7-A823-651B09740925}.Release|Any CPU.Build.0 = Release|Any CPU
	EndGlobalSection
	GlobalSection(SolutionProperties) = preSolution
		HideSolutionNode = FALSE
	EndGlobalSection
	GlobalSection(ExtensibilityGlobals) = postSolution
		SolutionGuid = {F88A6D63-9A34-41FE-B5A2-B2996199C4B6}
	EndGlobalSection
EndGlobal
